{
  "name": "bhai-lang",
  "version": "1.0.0",
  "lockfileVersion": 2,
  "requires": true,
  "packages": {
    "": {
      "name": "bhai-lang",
      "version": "1.0.0",
      "license": "ISC",
      "dependencies": {
        "bhailang": "^0.0.3"
      }
    },
    "node_modules/bhailang": {
      "version": "0.0.3",
      "resolved": "https://registry.npmjs.org/bhailang/-/bhailang-0.0.3.tgz",
      "integrity": "sha512-v48VY8Pu4pgH3U6fiRUW7eq6oora60aGveBTWYCJf/oFrDwklNwBbDSnyVTc0lACVuElTcM1Q2VDQCaeb7zaLQ==",
      "bin": {
        "bhailang": "bin/index.js"
      }
    }
  },
  "dependencies": {
    "bhailang": {
      "version": "0.0.3",
      "resolved": "https://registry.npmjs.org/bhailang/-/bhailang-0.0.3.tgz",
      "integrity": "sha512-v48VY8Pu4pgH3U6fiRUW7eq6oora60aGveBTWYCJf/oFrDwklNwBbDSnyVTc0lACVuElTcM1Q2VDQCaeb7zaLQ=="
    }
  }
}
